
Microsoft Visual Studio Solution File, Format Version 12.00
# Visual Studio Version 17
VisualStudioVersion = 17.8.34112.27
MinimumVisualStudioVersion = 10.0.40219.1
Project("{2150E333-8FDC-42A3-9474-1A3956D46DE8}") = "FrontEnd", "FrontEnd", "{9BC7C120-17E4-4BD9-8E5C-57C082F0BA02}"
EndProject
Project("{2150E333-8FDC-42A3-9474-1A3956D46DE8}") = "Gateway", "Gateway", "{A0ED9091-E466-4C73-A7AD-F263EDFE06D3}"
EndProject
Project("{2150E333-8FDC-42A3-9474-1A3956D46DE8}") = "Integration", "Integration", "{70D3687A-B0DA-490F-B742-B808D09BA0EB}"
EndProject
Project("{2150E333-8FDC-42A3-9474-1A3956D46DE8}") = "Services", "Services", "{D9E337F1-0145-4D52-85B2-3DFBD1214FDA}"
EndProject
Project("{9A19103F-16F7-4668-BE54-9A1E7A4F7556}") = "FucoMicro.Services.CouponAPI", "FucoMicro.Services.CouponAPI\FucoMicro.Services.CouponAPI.csproj", "{03681FB2-9126-499E-BF95-DDCBA9DEC41B}"
EndProject
Project("{9A19103F-16F7-4668-BE54-9A1E7A4F7556}") = "FucoMicro.Web", "FucoMicro.Web\FucoMicro.Web.csproj", "{0ADD29A9-AA44-4C8D-9CED-9CA709493F6F}"
EndProject
Project("{9A19103F-16F7-4668-BE54-9A1E7A4F7556}") = "FucoMicro.Services.AuthAPI", "FucoMicro.Services.AuthAPI\FucoMicro.Services.AuthAPI.csproj", "{582D5BCE-258E-4F46-A32F-D978DDDB8385}"
EndProject
Project("{9A19103F-16F7-4668-BE54-9A1E7A4F7556}") = "FucoMicro.Services.ProductAPI", "FucoMicro.Services.ProductAPI\FucoMicro.Services.ProductAPI.csproj", "{030D0D0B-9C4C-45BF-8D15-C7AB1047A6B1}"
EndProject
Project("{9A19103F-16F7-4668-BE54-9A1E7A4F7556}") = "FucoMicro.Services.ShoppingCartAPI", "FucoMicro.Services.ShoppingCartAPI\FucoMicro.Services.ShoppingCartAPI.csproj", "{24FB83A1-D877-48DF-A38F-E0C6D17018CE}"
EndProject
Project("{FAE04EC0-301F-11D3-BF4B-00C04F79EFBC}") = "FucoMicro.MessageBus", "FucoMicro.MessageBus\FucoMicro.MessageBus.csproj", "{D955F9C6-9345-4971-8D2C-167906A69942}"
EndProject
Project("{FAE04EC0-301F-11D3-BF4B-00C04F79EFBC}") = "FucoMicro.Services.EmailAPI", "FucoMicro.Services.EmailAPI\FucoMicro.Services.EmailAPI.csproj", "{7664E064-A592-41B1-BD30-BD6C987E02CE}"
EndProject
Global
	GlobalSection(SolutionConfigurationPlatforms) = preSolution
		Debug|Any CPU = Debug|Any CPU
		Release|Any CPU = Release|Any CPU
	EndGlobalSection
	GlobalSection(ProjectConfigurationPlatforms) = postSolution
		{03681FB2-9126-499E-BF95-DDCBA9DEC41B}.Debug|Any CPU.ActiveCfg = Debug|Any CPU
		{03681FB2-9126-499E-BF95-DDCBA9DEC41B}.Debug|Any CPU.Build.0 = Debug|Any CPU
		{03681FB2-9126-499E-BF95-DDCBA9DEC41B}.Release|Any CPU.ActiveCfg = Release|Any CPU
		{03681FB2-9126-499E-BF95-DDCBA9DEC41B}.Release|Any CPU.Build.0 = Release|Any CPU
		{0ADD29A9-AA44-4C8D-9CED-9CA709493F6F}.Debug|Any CPU.ActiveCfg = Debug|Any CPU
		{0ADD29A9-AA44-4C8D-9CED-9CA709493F6F}.Debug|Any CPU.Build.0 = Debug|Any CPU
		{0ADD29A9-AA44-4C8D-9CED-9CA709493F6F}.Release|Any CPU.ActiveCfg = Release|Any CPU
		{0ADD29A9-AA44-4C8D-9CED-9CA709493F6F}.Release|Any CPU.Build.0 = Release|Any CPU
		{582D5BCE-258E-4F46-A32F-D978DDDB8385}.Debug|Any CPU.ActiveCfg = Debug|Any CPU
		{582D5BCE-258E-4F46-A32F-D978DDDB8385}.Debug|Any CPU.Build.0 = Debug|Any CPU
		{582D5BCE-258E-4F46-A32F-D978DDDB8385}.Release|Any CPU.ActiveCfg = Release|Any CPU
		{582D5BCE-258E-4F46-A32F-D978DDDB8385}.Release|Any CPU.Build.0 = Release|Any CPU
		{030D0D0B-9C4C-45BF-8D15-C7AB1047A6B1}.Debug|Any CPU.ActiveCfg = Debug|Any CPU
		{030D0D0B-9C4C-45BF-8D15-C7AB1047A6B1}.Debug|Any CPU.Build.0 = Debug|Any CPU
		{030D0D0B-9C4C-45BF-8D15-C7AB1047A6B1}.Release|Any CPU.ActiveCfg = Release|Any CPU
		{030D0D0B-9C4C-45BF-8D15-C7AB1047A6B1}.Release|Any CPU.Build.0 = Release|Any CPU
		{24FB83A1-D877-48DF-A38F-E0C6D17018CE}.Debug|Any CPU.ActiveCfg = Debug|Any CPU
		{24FB83A1-D877-48DF-A38F-E0C6D17018CE}.Debug|Any CPU.Build.0 = Debug|Any CPU
		{24FB83A1-D877-48DF-A38F-E0C6D17018CE}.Release|Any CPU.ActiveCfg = Release|Any CPU
		{24FB83A1-D877-48DF-A38F-E0C6D17018CE}.Release|Any CPU.Build.0 = Release|Any CPU
		{D955F9C6-9345-4971-8D2C-167906A69942}.Debug|Any CPU.ActiveCfg = Debug|Any CPU
		{D955F9C6-9345-4971-8D2C-167906A69942}.Debug|Any CPU.Build.0 = Debug|Any CPU
		{D955F9C6-9345-4971-8D2C-167906A69942}.Release|Any CPU.ActiveCfg = Release|Any CPU
		{D955F9C6-9345-4971-8D2C-167906A69942}.Release|Any CPU.Build.0 = Release|Any CPU
		{7664E064-A592-41B1-BD30-BD6C987E02CE}.Debug|Any CPU.ActiveCfg = Debug|Any CPU
		{7664E064-A592-41B1-BD30-BD6C987E02CE}.Debug|Any CPU.Build.0 = Debug|Any CPU
		{7664E064-A592-41B1-BD30-BD6C987E02CE}.Release|Any CPU.ActiveCfg = Release|Any CPU
		{7664E064-A592-41B1-BD30-BD6C987E02CE}.Release|Any CPU.Build.0 = Release|Any CPU
	EndGlobalSection
	GlobalSection(SolutionProperties) = preSolution
		HideSolutionNode = FALSE
	EndGlobalSection
	GlobalSection(NestedProjects) = preSolution
		{03681FB2-9126-499E-BF95-DDCBA9DEC41B} = {D9E337F1-0145-4D52-85B2-3DFBD1214FDA}
		{0ADD29A9-AA44-4C8D-9CED-9CA709493F6F} = {9BC7C120-17E4-4BD9-8E5C-57C082F0BA02}
		{582D5BCE-258E-4F46-A32F-D978DDDB8385} = {D9E337F1-0145-4D52-85B2-3DFBD1214FDA}
		{030D0D0B-9C4C-45BF-8D15-C7AB1047A6B1} = {D9E337F1-0145-4D52-85B2-3DFBD1214FDA}
		{24FB83A1-D877-48DF-A38F-E0C6D17018CE} = {D9E337F1-0145-4D52-85B2-3DFBD1214FDA}
		{D955F9C6-9345-4971-8D2C-167906A69942} = {70D3687A-B0DA-490F-B742-B808D09BA0EB}
		{7664E064-A592-41B1-BD30-BD6C987E02CE} = {D9E337F1-0145-4D52-85B2-3DFBD1214FDA}
	EndGlobalSection
	GlobalSection(ExtensibilityGlobals) = postSolution
		SolutionGuid = {3E85E3EC-18C4-48E8-B06E-2736B4F2D55E}
	EndGlobalSection
EndGlobal
